
Microsoft Visual Studio Solution File, Format Version 12.00
# Visual Studio 15
VisualStudioVersion = 15.0.27004.2009
MinimumVisualStudioVersion = 10.0.40219.1
Project("{888888A0-9F3D-457C-B088-3A5042F75D52}") = "Calculator", "Calculator.pyproj", "{E0625FA8-57AB-48BB-B562-25154A6EDC30}"
EndProject
Global
	GlobalSection(SolutionConfigurationPlatforms) = preSolution
		Debug|Any CPU = Debug|Any CPU
		Release|Any CPU = Release|Any CPU
	EndGlobalSection
	GlobalSection(ProjectConfigurationPlatforms) = postSolution
		{E0625FA8-57AB-48BB-B562-25154A6EDC30}.Debug|Any CPU.ActiveCfg = Debug|Any CPU
		{E0625FA8-57AB-48BB-B562-25154A6EDC30}.Release|Any CPU.ActiveCfg = Release|Any CPU
	EndGlobalSection
	GlobalSection(SolutionProperties) = preSolution
		HideSolutionNode = FALSE
	EndGlobalSection
	GlobalSection(ExtensibilityGlobals) = postSolution
		SolutionGuid = {FF2E2E4F-8C0E-47E7-B686-94F9851D9016}
	EndGlobalSection
EndGlobal
