
Microsoft Visual Studio Solution File, Format Version 12.00
# Visual Studio 15
VisualStudioVersion = 15.0.27004.2009
MinimumVisualStudioVersion = 10.0.40219.1
Project("{888888A0-9F3D-457C-B088-3A5042F75D52}") = "Divisors", "Divisors.pyproj", "{E59F5F3C-367E-49F8-ABBB-5F4870893CD2}"
EndProject
Global
	GlobalSection(SolutionConfigurationPlatforms) = preSolution
		Debug|Any CPU = Debug|Any CPU
		Release|Any CPU = Release|Any CPU
	EndGlobalSection
	GlobalSection(ProjectConfigurationPlatforms) = postSolution
		{E59F5F3C-367E-49F8-ABBB-5F4870893CD2}.Debug|Any CPU.ActiveCfg = Debug|Any CPU
		{E59F5F3C-367E-49F8-ABBB-5F4870893CD2}.Release|Any CPU.ActiveCfg = Release|Any CPU
	EndGlobalSection
	GlobalSection(SolutionProperties) = preSolution
		HideSolutionNode = FALSE
	EndGlobalSection
	GlobalSection(ExtensibilityGlobals) = postSolution
		SolutionGuid = {7985CB77-2049-42AB-9455-BD630A44DD25}
	EndGlobalSection
EndGlobal
